
Microsoft Visual Studio Solution File, Format Version 12.00
# Visual Studio Version 17
VisualStudioVersion = 17.8.34330.188
MinimumVisualStudioVersion = 10.0.40219.1
Project("{FAE04EC0-301F-11D3-BF4B-00C04F79EFBC}") = "Calculator", "Calculator\Calculator.csproj", "{974DFC13-FA48-4C46-A5D7-ECE6A431D431}"
EndProject
Global
	GlobalSection(SolutionConfigurationPlatforms) = preSolution
		Debug|Any CPU = Debug|Any CPU
		Release|Any CPU = Release|Any CPU
	EndGlobalSection
	GlobalSection(ProjectConfigurationPlatforms) = postSolution
		{974DFC13-FA48-4C46-A5D7-ECE6A431D431}.Debug|Any CPU.ActiveCfg = Debug|Any CPU
		{974DFC13-FA48-4C46-A5D7-ECE6A431D431}.Debug|Any CPU.Build.0 = Debug|Any CPU
		{974DFC13-FA48-4C46-A5D7-ECE6A431D431}.Release|Any CPU.ActiveCfg = Release|Any CPU
		{974DFC13-FA48-4C46-A5D7-ECE6A431D431}.Release|Any CPU.Build.0 = Release|Any CPU
	EndGlobalSection
	GlobalSection(SolutionProperties) = preSolution
		HideSolutionNode = FALSE
	EndGlobalSection
	GlobalSection(ExtensibilityGlobals) = postSolution
		SolutionGuid = {488060C5-74DA-4E15-9B95-4E42D31A2A16}
	EndGlobalSection
EndGlobal
